
Microsoft Visual Studio Solution File, Format Version 12.00
# Visual Studio Version 16
VisualStudioVersion = 16.0.30225.117
MinimumVisualStudioVersion = 10.0.40219.1
Project("{9A19103F-16F7-4668-BE54-9A1E7A4F7556}") = "003-WebAPI", "003-WebAPI\003-WebAPI.csproj", "{E35FBBAD-D7AA-4786-AAA3-4F75259353FE}"
EndProject
Project("{9A19103F-16F7-4668-BE54-9A1E7A4F7556}") = "001-DataAccessLayer", "001-DataAccessLayer\001-DataAccessLayer.csproj", "{22F739A6-DED5-4982-80B8-1C7D2A3A1F7A}"
EndProject
Project("{9A19103F-16F7-4668-BE54-9A1E7A4F7556}") = "002-BusinessLogicLayer", "002-BusinessLogicLayer\002-BusinessLogicLayer.csproj", "{CC63BA17-5AF7-45CD-8B46-58BF933936EE}"
EndProject
Global
	GlobalSection(SolutionConfigurationPlatforms) = preSolution
		Debug|Any CPU = Debug|Any CPU
		Release|Any CPU = Release|Any CPU
	EndGlobalSection
	GlobalSection(ProjectConfigurationPlatforms) = postSolution
		{E35FBBAD-D7AA-4786-AAA3-4F75259353FE}.Debug|Any CPU.ActiveCfg = Debug|Any CPU
		{E35FBBAD-D7AA-4786-AAA3-4F75259353FE}.Debug|Any CPU.Build.0 = Debug|Any CPU
		{E35FBBAD-D7AA-4786-AAA3-4F75259353FE}.Release|Any CPU.ActiveCfg = Release|Any CPU
		{E35FBBAD-D7AA-4786-AAA3-4F75259353FE}.Release|Any CPU.Build.0 = Release|Any CPU
		{22F739A6-DED5-4982-80B8-1C7D2A3A1F7A}.Debug|Any CPU.ActiveCfg = Debug|Any CPU
		{22F739A6-DED5-4982-80B8-1C7D2A3A1F7A}.Debug|Any CPU.Build.0 = Debug|Any CPU
		{22F739A6-DED5-4982-80B8-1C7D2A3A1F7A}.Release|Any CPU.ActiveCfg = Release|Any CPU
		{22F739A6-DED5-4982-80B8-1C7D2A3A1F7A}.Release|Any CPU.Build.0 = Release|Any CPU
		{CC63BA17-5AF7-45CD-8B46-58BF933936EE}.Debug|Any CPU.ActiveCfg = Debug|Any CPU
		{CC63BA17-5AF7-45CD-8B46-58BF933936EE}.Debug|Any CPU.Build.0 = Debug|Any CPU
		{CC63BA17-5AF7-45CD-8B46-58BF933936EE}.Release|Any CPU.ActiveCfg = Release|Any CPU
		{CC63BA17-5AF7-45CD-8B46-58BF933936EE}.Release|Any CPU.Build.0 = Release|Any CPU
	EndGlobalSection
	GlobalSection(SolutionProperties) = preSolution
		HideSolutionNode = FALSE
	EndGlobalSection
	GlobalSection(ExtensibilityGlobals) = postSolution
		SolutionGuid = {A5C39F3C-6070-4853-A49C-DC5A8C79F45F}
	EndGlobalSection
EndGlobal
